
Microsoft Visual Studio Solution File, Format Version 12.00
# Visual Studio Version 16
VisualStudioVersion = 16.0.29709.97
MinimumVisualStudioVersion = 10.0.40219.1
Project("{FAE04EC0-301F-11D3-BF4B-00C04F79EFBC}") = "29102020", "29102020\29102020.csproj", "{B5907474-BF8F-4D1F-AA7E-9EB7CE0FE2F2}"
EndProject
Global
	GlobalSection(SolutionConfigurationPlatforms) = preSolution
		Debug|Any CPU = Debug|Any CPU
		Release|Any CPU = Release|Any CPU
	EndGlobalSection
	GlobalSection(ProjectConfigurationPlatforms) = postSolution
		{B5907474-BF8F-4D1F-AA7E-9EB7CE0FE2F2}.Debug|Any CPU.ActiveCfg = Debug|Any CPU
		{B5907474-BF8F-4D1F-AA7E-9EB7CE0FE2F2}.Debug|Any CPU.Build.0 = Debug|Any CPU
		{B5907474-BF8F-4D1F-AA7E-9EB7CE0FE2F2}.Release|Any CPU.ActiveCfg = Release|Any CPU
		{B5907474-BF8F-4D1F-AA7E-9EB7CE0FE2F2}.Release|Any CPU.Build.0 = Release|Any CPU
	EndGlobalSection
	GlobalSection(SolutionProperties) = preSolution
		HideSolutionNode = FALSE
	EndGlobalSection
	GlobalSection(ExtensibilityGlobals) = postSolution
		SolutionGuid = {E3357DEE-F374-4B2A-B553-B380B9B706A3}
	EndGlobalSection
EndGlobal
